PATH
  remote: ../..
  specs:
    dama (0.1.0)
      ffi (~> 1.17)
      ruby-macho (~> 5.0)
      ruby_wasm (~> 2.8)
      webrick (~> 1.9)
      zeitwerk (~> 2.7)

GEM
  remote: https://rubygems.org/
  specs:
    ffi (1.17.3)
    ffi (1.17.3-arm64-darwin)
    logger (1.7.0)
    ruby-macho (5.0.0)
    ruby_wasm (2.8.1)
      logger
    ruby_wasm (2.8.1-arm64-darwin)
      logger
    webrick (1.9.2)
    zeitwerk (2.7.5)

PLATFORMS
  arm64-darwin

DEPENDENCIES
  dama!

BUNDLED WITH
   2.6.9
